
Microsoft Visual Studio Solution File, Format Version 12.00
# Visual Studio Version 17
VisualStudioVersion = 17.11.35431.28
MinimumVisualStudioVersion = 10.0.40219.1
Project("{FAE04EC0-301F-11D3-BF4B-00C04F79EFBC}") = "DoWellAdvanced", "DoWellAdvanced.csproj", "{E0828F95-60A9-44FC-A09F-B20B09B2AFC5}"
EndProject
Global
	GlobalSection(SolutionConfigurationPlatforms) = preSolution
		Debug|Any CPU = Debug|Any CPU
		Release|Any CPU = Release|Any CPU
	EndGlobalSection
	GlobalSection(ProjectConfigurationPlatforms) = postSolution
		{E0828F95-60A9-44FC-A09F-B20B09B2AFC5}.Debug|Any CPU.ActiveCfg = Debug|Any CPU
		{E0828F95-60A9-44FC-A09F-B20B09B2AFC5}.Debug|Any CPU.Build.0 = Debug|Any CPU
		{E0828F95-60A9-44FC-A09F-B20B09B2AFC5}.Release|Any CPU.ActiveCfg = Release|Any CPU
		{E0828F95-60A9-44FC-A09F-B20B09B2AFC5}.Release|Any CPU.Build.0 = Release|Any CPU
	EndGlobalSection
	GlobalSection(SolutionProperties) = preSolution
		HideSolutionNode = FALSE
	EndGlobalSection
	GlobalSection(ExtensibilityGlobals) = postSolution
		SolutionGuid = {E17EA274-6A3F-4A08-95E5-7BBA4C1F87FC}
	EndGlobalSection
EndGlobal
